
Microsoft Visual Studio Solution File, Format Version 12.00
# Visual Studio Version 16
VisualStudioVersion = 16.0.30114.105
MinimumVisualStudioVersion = 10.0.40219.1
Project("{FAE04EC0-301F-11D3-BF4B-00C04F79EFBC}") = "API", "API\API.csproj", "{134D9CEA-8A3B-4AA7-ABE3-CDB9775E204E}"
EndProject
Project("{FAE04EC0-301F-11D3-BF4B-00C04F79EFBC}") = "core", "Core\core.csproj", "{4B1DCD6D-80CF-43B2-9540-6369E9479531}"
EndProject
Project("{FAE04EC0-301F-11D3-BF4B-00C04F79EFBC}") = "Infrastructure", "Infrastructure\Infrastructure.csproj", "{7530D44E-8A26-443A-B6E0-CBCE77C4E0D2}"
EndProject
Global
	GlobalSection(SolutionConfigurationPlatforms) = preSolution
		Debug|Any CPU = Debug|Any CPU
		Debug|x64 = Debug|x64
		Debug|x86 = Debug|x86
		Release|Any CPU = Release|Any CPU
		Release|x64 = Release|x64
		Release|x86 = Release|x86
	EndGlobalSection
	GlobalSection(ProjectConfigurationPlatforms) = postSolution
		{134D9CEA-8A3B-4AA7-ABE3-CDB9775E204E}.Debug|Any CPU.ActiveCfg = Debug|Any CPU
		{134D9CEA-8A3B-4AA7-ABE3-CDB9775E204E}.Debug|Any CPU.Build.0 = Debug|Any CPU
		{134D9CEA-8A3B-4AA7-ABE3-CDB9775E204E}.Debug|x64.ActiveCfg = Debug|Any CPU
		{134D9CEA-8A3B-4AA7-ABE3-CDB9775E204E}.Debug|x64.Build.0 = Debug|Any CPU
		{134D9CEA-8A3B-4AA7-ABE3-CDB9775E204E}.Debug|x86.ActiveCfg = Debug|Any CPU
		{134D9CEA-8A3B-4AA7-ABE3-CDB9775E204E}.Debug|x86.Build.0 = Debug|Any CPU
		{134D9CEA-8A3B-4AA7-ABE3-CDB9775E204E}.Release|Any CPU.ActiveCfg = Release|Any CPU
		{134D9CEA-8A3B-4AA7-ABE3-CDB9775E204E}.Release|Any CPU.Build.0 = Release|Any CPU
		{134D9CEA-8A3B-4AA7-ABE3-CDB9775E204E}.Release|x64.ActiveCfg = Release|Any CPU
		{134D9CEA-8A3B-4AA7-ABE3-CDB9775E204E}.Release|x64.Build.0 = Release|Any CPU
		{134D9CEA-8A3B-4AA7-ABE3-CDB9775E204E}.Release|x86.ActiveCfg = Release|Any CPU
		{134D9CEA-8A3B-4AA7-ABE3-CDB9775E204E}.Release|x86.Build.0 = Release|Any CPU
		{4B1DCD6D-80CF-43B2-9540-6369E9479531}.Debug|Any CPU.ActiveCfg = Debug|Any CPU
		{4B1DCD6D-80CF-43B2-9540-6369E9479531}.Debug|Any CPU.Build.0 = Debug|Any CPU
		{4B1DCD6D-80CF-43B2-9540-6369E9479531}.Debug|x64.ActiveCfg = Debug|Any CPU
		{4B1DCD6D-80CF-43B2-9540-6369E9479531}.Debug|x64.Build.0 = Debug|Any CPU
		{4B1DCD6D-80CF-43B2-9540-6369E9479531}.Debug|x86.ActiveCfg = Debug|Any CPU
		{4B1DCD6D-80CF-43B2-9540-6369E9479531}.Debug|x86.Build.0 = Debug|Any CPU
		{4B1DCD6D-80CF-43B2-9540-6369E9479531}.Release|Any CPU.ActiveCfg = Release|Any CPU
		{4B1DCD6D-80CF-43B2-9540-6369E9479531}.Release|Any CPU.Build.0 = Release|Any CPU
		{4B1DCD6D-80CF-43B2-9540-6369E9479531}.Release|x64.ActiveCfg = Release|Any CPU
		{4B1DCD6D-80CF-43B2-9540-6369E9479531}.Release|x64.Build.0 = Release|Any CPU
		{4B1DCD6D-80CF-43B2-9540-6369E9479531}.Release|x86.ActiveCfg = Release|Any CPU
		{4B1DCD6D-80CF-43B2-9540-6369E9479531}.Release|x86.Build.0 = Release|Any CPU
		{7530D44E-8A26-443A-B6E0-CBCE77C4E0D2}.Debug|Any CPU.ActiveCfg = Debug|Any CPU
		{7530D44E-8A26-443A-B6E0-CBCE77C4E0D2}.Debug|Any CPU.Build.0 = Debug|Any CPU
		{7530D44E-8A26-443A-B6E0-CBCE77C4E0D2}.Debug|x64.ActiveCfg = Debug|Any CPU
		{7530D44E-8A26-443A-B6E0-CBCE77C4E0D2}.Debug|x64.Build.0 = Debug|Any CPU
		{7530D44E-8A26-443A-B6E0-CBCE77C4E0D2}.Debug|x86.ActiveCfg = Debug|Any CPU
		{7530D44E-8A26-443A-B6E0-CBCE77C4E0D2}.Debug|x86.Build.0 = Debug|Any CPU
		{7530D44E-8A26-443A-B6E0-CBCE77C4E0D2}.Release|Any CPU.ActiveCfg = Release|Any CPU
		{7530D44E-8A26-443A-B6E0-CBCE77C4E0D2}.Release|Any CPU.Build.0 = Release|Any CPU
		{7530D44E-8A26-443A-B6E0-CBCE77C4E0D2}.Release|x64.ActiveCfg = Release|Any CPU
		{7530D44E-8A26-443A-B6E0-CBCE77C4E0D2}.Release|x64.Build.0 = Release|Any CPU
		{7530D44E-8A26-443A-B6E0-CBCE77C4E0D2}.Release|x86.ActiveCfg = Release|Any CPU
		{7530D44E-8A26-443A-B6E0-CBCE77C4E0D2}.Release|x86.Build.0 = Release|Any CPU
	EndGlobalSection
	GlobalSection(SolutionProperties) = preSolution
		HideSolutionNode = FALSE
	EndGlobalSection
	GlobalSection(ExtensibilityGlobals) = postSolution
		SolutionGuid = {95DBD11A-BD6E-4D65-88EC-84C24CBA11CD}
	EndGlobalSection
EndGlobal
